{
  "name": "tesourofieis",
  "lockfileVersion": 3,
  "requires": true,
  "packages": {
    "": {
      "name": "tesourofieis",
      "devDependencies": {
        "lefthook": "^1.7.14",
        "typescript": "^5.5.4"
      }
    },
    "node_modules/lefthook": {
      "version": "1.12.3",
      "resolved": "https://registry.npmjs.org/lefthook/-/lefthook-1.12.3.tgz",
      "integrity": "sha512-huMg+mGp6wHPjkaLdchuOvxVRMzvz6OVdhivatiH2Qn47O5Zm46jwzbVPYIanX6N/8ZTjGLBxv8tZ0KYmKt/Jg==",
      "dev": true,
      "hasInstallScript": true,
      "license": "MIT",
      "bin": {
        "lefthook": "bin/index.js"
      },
      "optionalDependencies": {
        "lefthook-darwin-arm64": "1.12.3",
        "lefthook-darwin-x64": "1.12.3",
        "lefthook-freebsd-arm64": "1.12.3",
        "lefthook-freebsd-x64": "1.12.3",
        "lefthook-linux-arm64": "1.12.3",
        "lefthook-linux-x64": "1.12.3",
        "lefthook-openbsd-arm64": "1.12.3",
        "lefthook-openbsd-x64": "1.12.3",
        "lefthook-windows-arm64": "1.12.3",
        "lefthook-windows-x64": "1.12.3"
      }
    },
    "node_modules/lefthook-darwin-arm64": {
      "version": "1.12.3",
      "resolved": "https://registry.npmjs.org/lefthook-darwin-arm64/-/lefthook-darwin-arm64-1.12.3.tgz",
      "integrity": "sha512-j1lwaosWRy3vhz8oQgCS1M6EUFN95aIYeNuqkczsBoAA6BDNAmVP1ctYEIYUK4bYaIgENbqbA9prYMAhyzh6Og==",
      "cpu": [
        "arm64"
      ],
      "dev": true,
      "license": "MIT",
      "optional": true,
      "os": [
        "darwin"
      ]
    },
    "node_modules/lefthook-darwin-x64": {
      "version": "1.12.3",
      "resolved": "https://registry.npmjs.org/lefthook-darwin-x64/-/lefthook-darwin-x64-1.12.3.tgz",
      "integrity": "sha512-x6aWFfLQX4m5zQ4X9zh5+hHOE5XTvNjz2zB9DI+xbIBLs2RRg0xJNT3OfgSrBU1QtEBneJ5dRQP5nl47td9GDQ==",
      "cpu": [
        "x64"
      ],
      "dev": true,
      "license": "MIT",
      "optional": true,
      "os": [
        "darwin"
      ]
    },
    "node_modules/lefthook-freebsd-arm64": {
      "version": "1.12.3",
      "resolved": "https://registry.npmjs.org/lefthook-freebsd-arm64/-/lefthook-freebsd-arm64-1.12.3.tgz",
      "integrity": "sha512-41OmulLqVZ0EOHmmHouJrpL59SwDD7FLoso4RsQVIBPaf8fHacdLo07Ye28VWQ5XolZQvnWcr1YXKo4JhqQMyw==",
      "cpu": [
        "arm64"
      ],
      "dev": true,
      "license": "MIT",
      "optional": true,
      "os": [
        "freebsd"
      ]
    },
    "node_modules/lefthook-freebsd-x64": {
      "version": "1.12.3",
      "resolved": "https://registry.npmjs.org/lefthook-freebsd-x64/-/lefthook-freebsd-x64-1.12.3.tgz",
      "integrity": "sha512-741/JRCJIS++hgYEH2uefN4FsH872V7gy2zDhcfQofiZnWP7+qhl4Wmwi8IpjIu4X7hLOC4cT18LOVU5L8KV9Q==",
      "cpu": [
        "x64"
      ],
      "dev": true,
      "license": "MIT",
      "optional": true,
      "os": [
        "freebsd"
      ]
    },
    "node_modules/lefthook-linux-arm64": {
      "version": "1.12.3",
      "resolved": "https://registry.npmjs.org/lefthook-linux-arm64/-/lefthook-linux-arm64-1.12.3.tgz",
      "integrity": "sha512-BXIy1aDFZmFgmebJliNrEqZfX1lSOD4b/USvANv1UirFrNgTq5SRssd1CKfflT2PwKX6LsJTD4WabLLWZOxp9A==",
      "cpu": [
        "arm64"
      ],
      "dev": true,
      "license": "MIT",
      "optional": true,
      "os": [
        "linux"
      ]
    },
    "node_modules/lefthook-linux-x64": {
      "version": "1.12.3",
      "resolved": "https://registry.npmjs.org/lefthook-linux-x64/-/lefthook-linux-x64-1.12.3.tgz",
      "integrity": "sha512-FRdwdj5jsQAP2eVrtkVUqMqYNCbQ2Ix84izy29/BvLlu/hVypAGbDfUkgFnsmAd6ZsCBeYCEtPuqyg3E3SO0Rg==",
      "cpu": [
        "x64"
      ],
      "dev": true,
      "license": "MIT",
      "optional": true,
      "os": [
        "linux"
      ]
    },
    "node_modules/lefthook-openbsd-arm64": {
      "version": "1.12.3",
      "resolved": "https://registry.npmjs.org/lefthook-openbsd-arm64/-/lefthook-openbsd-arm64-1.12.3.tgz",
      "integrity": "sha512-tch5wXY4GOjKAYohH7OFoxNdVHuUSYt2Pulo2VTkMYEG8IrvJnRO5MkvgHtKDHzU5mfABQYv5+ccJykDx5hQWA==",
      "cpu": [
        "arm64"
      ],
      "dev": true,
      "license": "MIT",
      "optional": true,
      "os": [
        "openbsd"
      ]
    },
    "node_modules/lefthook-openbsd-x64": {
      "version": "1.12.3",
      "resolved": "https://registry.npmjs.org/lefthook-openbsd-x64/-/lefthook-openbsd-x64-1.12.3.tgz",
      "integrity": "sha512-IHbHg/rUFXrAN7LnjcQEtutCHBaD49CZge96Hpk0GZ2eEG5GTCNRnUyEf+Kf3+RTqHFgwtADdpeDa/ZaGZTM4g==",
      "cpu": [
        "x64"
      ],
      "dev": true,
      "license": "MIT",
      "optional": true,
      "os": [
        "openbsd"
      ]
    },
    "node_modules/lefthook-windows-arm64": {
      "version": "1.12.3",
      "resolved": "https://registry.npmjs.org/lefthook-windows-arm64/-/lefthook-windows-arm64-1.12.3.tgz",
      "integrity": "sha512-wghcE5TSpb+mbtemUV6uAo9hEK09kxRzhf2nPdeDX+fw42cL2TGZsbaCnDyzaY144C+L2/wEWrLIHJMnZYkuqA==",
      "cpu": [
        "arm64"
      ],
      "dev": true,
      "license": "MIT",
      "optional": true,
      "os": [
        "win32"
      ]
    },
    "node_modules/lefthook-windows-x64": {
      "version": "1.12.3",
      "resolved": "https://registry.npmjs.org/lefthook-windows-x64/-/lefthook-windows-x64-1.12.3.tgz",
      "integrity": "sha512-7Co/L8e2x2hGC1L33jDJ4ZlTkO3PJm25GOGpLfN1kqwhGB/uzMLeTI/PBczjlIN8isUv26ouNd9rVR7Bibrwyg==",
      "cpu": [
        "x64"
      ],
      "dev": true,
      "license": "MIT",
      "optional": true,
      "os": [
        "win32"
      ]
    },
    "node_modules/typescript": {
      "version": "5.9.2",
      "resolved": "https://registry.npmjs.org/typescript/-/typescript-5.9.2.tgz",
      "integrity": "sha512-CWBzXQrc/qOkhidw1OzBTQuYRbfyxDXJMVJ1XNwUHGROVmuaeiEm3OslpZ1RV96d7SKKjZKrSJu3+t/xlw3R9A==",
      "dev": true,
      "license": "Apache-2.0",
      "bin": {
        "tsc": "bin/tsc",
        "tsserver": "bin/tsserver"
      },
      "engines": {
        "node": ">=14.17"
      }
    }
  }
}
