{
  "name": "tesourofieis",
  "lockfileVersion": 3,
  "requires": true,
  "packages": {
    "": {
      "name": "tesourofieis",
      "hasInstallScript": true,
      "devDependencies": {
        "@biomejs/biome": "^1.8.3",
        "lefthook": "^1.7.14",
        "typescript": "^5.5.4"
      }
    },
    "node_modules/@biomejs/biome": {
      "version": "1.9.2",
      "resolved": "https://registry.npmjs.org/@biomejs/biome/-/biome-1.9.2.tgz",
      "integrity": "sha512-4j2Gfwft8Jqp1X0qLYvK4TEy4xhTo4o6rlvJPsjPeEame8gsmbGQfOPBkw7ur+7/Z/f0HZmCZKqbMvR7vTXQYQ==",
      "dev": true,
      "hasInstallScript": true,
      "license": "MIT OR Apache-2.0",
      "bin": {
        "biome": "bin/biome"
      },
      "engines": {
        "node": ">=14.21.3"
      },
      "funding": {
        "type": "opencollective",
        "url": "https://opencollective.com/biome"
      },
      "optionalDependencies": {
        "@biomejs/cli-darwin-arm64": "1.9.2",
        "@biomejs/cli-darwin-x64": "1.9.2",
        "@biomejs/cli-linux-arm64": "1.9.2",
        "@biomejs/cli-linux-arm64-musl": "1.9.2",
        "@biomejs/cli-linux-x64": "1.9.2",
        "@biomejs/cli-linux-x64-musl": "1.9.2",
        "@biomejs/cli-win32-arm64": "1.9.2",
        "@biomejs/cli-win32-x64": "1.9.2"
      }
    },
    "node_modules/@biomejs/cli-darwin-arm64": {
      "version": "1.9.2",
      "resolved": "https://registry.npmjs.org/@biomejs/cli-darwin-arm64/-/cli-darwin-arm64-1.9.2.tgz",
      "integrity": "sha512-rbs9uJHFmhqB3Td0Ro+1wmeZOHhAPTL3WHr8NtaVczUmDhXkRDWScaxicG9+vhSLj1iLrW47itiK6xiIJy6vaA==",
      "cpu": [
        "arm64"
      ],
      "dev": true,
      "license": "MIT OR Apache-2.0",
      "optional": true,
      "os": [
        "darwin"
      ],
      "engines": {
        "node": ">=14.21.3"
      }
    },
    "node_modules/@biomejs/cli-darwin-x64": {
      "version": "1.9.2",
      "resolved": "https://registry.npmjs.org/@biomejs/cli-darwin-x64/-/cli-darwin-x64-1.9.2.tgz",
      "integrity": "sha512-BlfULKijNaMigQ9GH9fqJVt+3JTDOSiZeWOQtG/1S1sa8Lp046JHG3wRJVOvekTPL9q/CNFW1NVG8J0JN+L1OA==",
      "cpu": [
        "x64"
      ],
      "dev": true,
      "license": "MIT OR Apache-2.0",
      "optional": true,
      "os": [
        "darwin"
      ],
      "engines": {
        "node": ">=14.21.3"
      }
    },
    "node_modules/@biomejs/cli-linux-arm64": {
      "version": "1.9.2",
      "resolved": "https://registry.npmjs.org/@biomejs/cli-linux-arm64/-/cli-linux-arm64-1.9.2.tgz",
      "integrity": "sha512-T8TJuSxuBDeQCQzxZu2o3OU4eyLumTofhCxxFd3+aH2AEWVMnH7Z/c3QP1lHI5RRMBP9xIJeMORqDQ5j+gVZzw==",
      "cpu": [
        "arm64"
      ],
      "dev": true,
      "license": "MIT OR Apache-2.0",
      "optional": true,
      "os": [
        "linux"
      ],
      "engines": {
        "node": ">=14.21.3"
      }
    },
    "node_modules/@biomejs/cli-linux-arm64-musl": {
      "version": "1.9.2",
      "resolved": "https://registry.npmjs.org/@biomejs/cli-linux-arm64-musl/-/cli-linux-arm64-musl-1.9.2.tgz",
      "integrity": "sha512-ZATvbUWhNxegSALUnCKWqetTZqrK72r2RsFD19OK5jXDj/7o1hzI1KzDNG78LloZxftrwr3uI9SqCLh06shSZw==",
      "cpu": [
        "arm64"
      ],
      "dev": true,
      "license": "MIT OR Apache-2.0",
      "optional": true,
      "os": [
        "linux"
      ],
      "engines": {
        "node": ">=14.21.3"
      }
    },
    "node_modules/@biomejs/cli-linux-x64": {
      "version": "1.9.2",
      "resolved": "https://registry.npmjs.org/@biomejs/cli-linux-x64/-/cli-linux-x64-1.9.2.tgz",
      "integrity": "sha512-T0cPk3C3Jr2pVlsuQVTBqk2qPjTm8cYcTD9p/wmR9MeVqui1C/xTVfOIwd3miRODFMrJaVQ8MYSXnVIhV9jTjg==",
      "cpu": [
        "x64"
      ],
      "dev": true,
      "license": "MIT OR Apache-2.0",
      "optional": true,
      "os": [
        "linux"
      ],
      "engines": {
        "node": ">=14.21.3"
      }
    },
    "node_modules/@biomejs/cli-linux-x64-musl": {
      "version": "1.9.2",
      "resolved": "https://registry.npmjs.org/@biomejs/cli-linux-x64-musl/-/cli-linux-x64-musl-1.9.2.tgz",
      "integrity": "sha512-CjPM6jT1miV5pry9C7qv8YJk0FIZvZd86QRD3atvDgfgeh9WQU0k2Aoo0xUcPdTnoz0WNwRtDicHxwik63MmSg==",
      "cpu": [
        "x64"
      ],
      "dev": true,
      "license": "MIT OR Apache-2.0",
      "optional": true,
      "os": [
        "linux"
      ],
      "engines": {
        "node": ">=14.21.3"
      }
    },
    "node_modules/@biomejs/cli-win32-arm64": {
      "version": "1.9.2",
      "resolved": "https://registry.npmjs.org/@biomejs/cli-win32-arm64/-/cli-win32-arm64-1.9.2.tgz",
      "integrity": "sha512-2x7gSty75bNIeD23ZRPXyox6Z/V0M71ObeJtvQBhi1fgrvPdtkEuw7/0wEHg6buNCubzOFuN9WYJm6FKoUHfhg==",
      "cpu": [
        "arm64"
      ],
      "dev": true,
      "license": "MIT OR Apache-2.0",
      "optional": true,
      "os": [
        "win32"
      ],
      "engines": {
        "node": ">=14.21.3"
      }
    },
    "node_modules/@biomejs/cli-win32-x64": {
      "version": "1.9.2",
      "resolved": "https://registry.npmjs.org/@biomejs/cli-win32-x64/-/cli-win32-x64-1.9.2.tgz",
      "integrity": "sha512-JC3XvdYcjmu1FmAehVwVV0SebLpeNTnO2ZaMdGCSOdS7f8O9Fq14T2P1gTG1Q29Q8Dt1S03hh0IdVpIZykOL8g==",
      "cpu": [
        "x64"
      ],
      "dev": true,
      "license": "MIT OR Apache-2.0",
      "optional": true,
      "os": [
        "win32"
      ],
      "engines": {
        "node": ">=14.21.3"
      }
    },
    "node_modules/lefthook": {
      "version": "1.7.15",
      "resolved": "https://registry.npmjs.org/lefthook/-/lefthook-1.7.15.tgz",
      "integrity": "sha512-HW2mYkhg0a3RH2t57+ZJwacJiSIuDEhsXQAaCw6iGeN7zowdUV7g5QtnRdFdPkaK2eaNFpG6Rp0GsTrl/v0gNg==",
      "dev": true,
      "hasInstallScript": true,
      "license": "MIT",
      "bin": {
        "lefthook": "bin/index.js"
      },
      "optionalDependencies": {
        "lefthook-darwin-arm64": "1.7.15",
        "lefthook-darwin-x64": "1.7.15",
        "lefthook-freebsd-arm64": "1.7.15",
        "lefthook-freebsd-x64": "1.7.15",
        "lefthook-linux-arm64": "1.7.15",
        "lefthook-linux-x64": "1.7.15",
        "lefthook-openbsd-arm64": "1.7.15",
        "lefthook-openbsd-x64": "1.7.15",
        "lefthook-windows-arm64": "1.7.15",
        "lefthook-windows-x64": "1.7.15"
      }
    },
    "node_modules/lefthook-darwin-arm64": {
      "version": "1.7.15",
      "resolved": "https://registry.npmjs.org/lefthook-darwin-arm64/-/lefthook-darwin-arm64-1.7.15.tgz",
      "integrity": "sha512-o8JgCnLM7UgF9g0MwarHJFoj6aVSSkUInHpsQZegV1c7CVQY/LIXgSeAWRb9XBvuUjByJ/HiHFMp9/hAALTwxQ==",
      "cpu": [
        "arm64"
      ],
      "dev": true,
      "license": "MIT",
      "optional": true,
      "os": [
        "darwin"
      ]
    },
    "node_modules/lefthook-darwin-x64": {
      "version": "1.7.15",
      "resolved": "https://registry.npmjs.org/lefthook-darwin-x64/-/lefthook-darwin-x64-1.7.15.tgz",
      "integrity": "sha512-nrdoex0icmXYl7AAvG7WtfEzjQtX/kWvM88jPu/gijH6VhAjp110Y8VScB7rWOcApb5kNNeqd1nKMAFgZ8KhAg==",
      "cpu": [
        "x64"
      ],
      "dev": true,
      "license": "MIT",
      "optional": true,
      "os": [
        "darwin"
      ]
    },
    "node_modules/lefthook-freebsd-arm64": {
      "version": "1.7.15",
      "resolved": "https://registry.npmjs.org/lefthook-freebsd-arm64/-/lefthook-freebsd-arm64-1.7.15.tgz",
      "integrity": "sha512-zl1TPynklJZZ/YsWb2H0gfErQbey318i2W85wIKGEk8kC2UzOgYTuPffnfi7kANei9ntZnhvGgilc6tqYOPuGQ==",
      "cpu": [
        "arm64"
      ],
      "dev": true,
      "license": "MIT",
      "optional": true,
      "os": [
        "freebsd"
      ]
    },
    "node_modules/lefthook-freebsd-x64": {
      "version": "1.7.15",
      "resolved": "https://registry.npmjs.org/lefthook-freebsd-x64/-/lefthook-freebsd-x64-1.7.15.tgz",
      "integrity": "sha512-/gKPwhWhZ3Q/efGs73/qw6nyR4WCT74oSTgn8wabAJO5+T/2FXTKzo7IiKkQmScmY5OcnD/0teJbJZ17VWSSOg==",
      "cpu": [
        "x64"
      ],
      "dev": true,
      "license": "MIT",
      "optional": true,
      "os": [
        "freebsd"
      ]
    },
    "node_modules/lefthook-linux-arm64": {
      "version": "1.7.15",
      "resolved": "https://registry.npmjs.org/lefthook-linux-arm64/-/lefthook-linux-arm64-1.7.15.tgz",
      "integrity": "sha512-re2f8WmYw19n8ojit0rnKbERAzD1/iCpU/Y8anXOjD/ROw/cpSfO88uKQrUCNY9Rp4XLtkkp9oDJs3Eg7JS7vA==",
      "cpu": [
        "arm64"
      ],
      "dev": true,
      "license": "MIT",
      "optional": true,
      "os": [
        "linux"
      ]
    },
    "node_modules/lefthook-linux-x64": {
      "version": "1.7.15",
      "resolved": "https://registry.npmjs.org/lefthook-linux-x64/-/lefthook-linux-x64-1.7.15.tgz",
      "integrity": "sha512-Kj6ieTlhFGlbPDyVFeOb296MS9x/Jj5y/xTPLBM+EKbdsTJSvUYu5FdtEWfhpLyWmPfkZtULHcTQE1hoo9Q4Cg==",
      "cpu": [
        "x64"
      ],
      "dev": true,
      "license": "MIT",
      "optional": true,
      "os": [
        "linux"
      ]
    },
    "node_modules/lefthook-openbsd-arm64": {
      "version": "1.7.15",
      "resolved": "https://registry.npmjs.org/lefthook-openbsd-arm64/-/lefthook-openbsd-arm64-1.7.15.tgz",
      "integrity": "sha512-85amE23mJ4BC9OThLkt+QCeVwue2Cr0ezN9LSwP0h8+royyj7YRcSu0VM/Et3B9LO50T2bpdI9norOqTcPZ9yA==",
      "cpu": [
        "arm64"
      ],
      "dev": true,
      "license": "MIT",
      "optional": true,
      "os": [
        "openbsd"
      ]
    },
    "node_modules/lefthook-openbsd-x64": {
      "version": "1.7.15",
      "resolved": "https://registry.npmjs.org/lefthook-openbsd-x64/-/lefthook-openbsd-x64-1.7.15.tgz",
      "integrity": "sha512-vXx/PpcalFgdvqkoHLI4KTGZp0ti+VCCL7RqDTA6n+GZpxPTWEXSOz3GuwNALX93Dn6MOYQYktKtXADwy24fcA==",
      "cpu": [
        "x64"
      ],
      "dev": true,
      "license": "MIT",
      "optional": true,
      "os": [
        "openbsd"
      ]
    },
    "node_modules/lefthook-windows-arm64": {
      "version": "1.7.15",
      "resolved": "https://registry.npmjs.org/lefthook-windows-arm64/-/lefthook-windows-arm64-1.7.15.tgz",
      "integrity": "sha512-jPKdQOLWQLRPO3VfI3ptpmdQBBsXTwaCLKXMo/gcSyU0xE/ltPD4QqvHzTAFJo00VcKRHjv9QeH69qhENjJtjw==",
      "cpu": [
        "arm64"
      ],
      "dev": true,
      "license": "MIT",
      "optional": true,
      "os": [
        "win32"
      ]
    },
    "node_modules/lefthook-windows-x64": {
      "version": "1.7.15",
      "resolved": "https://registry.npmjs.org/lefthook-windows-x64/-/lefthook-windows-x64-1.7.15.tgz",
      "integrity": "sha512-tlkSU669+b64AsqytGy1W3au7h8kFjt5ejLhTkErJpylTqThZIHm/GI0wUmpX+ud8kekM+9j407dweAHYOQ1XA==",
      "cpu": [
        "x64"
      ],
      "dev": true,
      "license": "MIT",
      "optional": true,
      "os": [
        "win32"
      ]
    },
    "node_modules/typescript": {
      "version": "5.6.2",
      "resolved": "https://registry.npmjs.org/typescript/-/typescript-5.6.2.tgz",
      "integrity": "sha512-NW8ByodCSNCwZeghjN3o+JX5OFH0Ojg6sadjEKY4huZ52TqbJTJnDo5+Tw98lSy63NZvi4n+ez5m2u5d4PkZyw==",
      "dev": true,
      "license": "Apache-2.0",
      "bin": {
        "tsc": "bin/tsc",
        "tsserver": "bin/tsserver"
      },
      "engines": {
        "node": ">=14.17"
      }
    }
  }
}
