# THIS IS AN AUTOGENERATED FILE. DO NOT EDIT THIS FILE DIRECTLY.
# yarn lockfile v1


cookie@^0.4.1:
  version "0.4.1"
  resolved "https://registry.yarnpkg.com/cookie/-/cookie-0.4.1.tgz#afd713fe26ebd21ba95ceb61f9a8116e50a537d1"
  integrity sha512-ZwrFkGJxUR3EIoXtO+yVE69Eb7KlixbaeAWfBQB9vVsNn/o+Yw69gBWSSDK825hQNdN+wF8zELf3dFNl/kxkUA==

nookies@^2.5.0:
  version "2.5.0"
  resolved "https://registry.yarnpkg.com/nookies/-/nookies-2.5.0.tgz#00c78ac9a91c3af82ab4bc8b193ad7bd41ee7aa5"
  integrity sha512-yFIKz80h6SRqO1a6fcgO7D2qfnXAjXmGftPw5KrMWH+zGm1xHvyHyZ93z1yul9snwG/9LLvSY8pyZ3G5s6/UJQ==
  dependencies:
    cookie "^0.4.1"
    set-cookie-parser "^2.4.6"

set-cookie-parser@^2.4.6:
  version "2.4.6"
  resolved "https://registry.yarnpkg.com/set-cookie-parser/-/set-cookie-parser-2.4.6.tgz#43bdea028b9e6f176474ee5298e758b4a44799c3"
  integrity sha512-mNCnTUF0OYPwYzSHbdRdCfNNHqrne+HS5tS5xNb6yJbdP9wInV0q5xPLE0EyfV/Q3tImo3y/OXpD8Jn0Jtnjrg==
